
Microsoft Visual Studio Solution File, Format Version 12.00
# Visual Studio Version 17
VisualStudioVersion = 17.14.36429.23 d17.14
MinimumVisualStudioVersion = 10.0.40219.1
Project("{FAE04EC0-301F-11D3-BF4B-00C04F79EFBC}") = "basics", "basics.csproj", "{1C5C3C17-AD07-49A7-BA31-7A996D5F34C6}"
EndProject
Global
	GlobalSection(SolutionConfigurationPlatforms) = preSolution
		Debug|Any CPU = Debug|Any CPU
		Release|Any CPU = Release|Any CPU
	EndGlobalSection
	GlobalSection(ProjectConfigurationPlatforms) = postSolution
		{1C5C3C17-AD07-49A7-BA31-7A996D5F34C6}.Debug|Any CPU.ActiveCfg = Debug|Any CPU
		{1C5C3C17-AD07-49A7-BA31-7A996D5F34C6}.Debug|Any CPU.Build.0 = Debug|Any CPU
		{1C5C3C17-AD07-49A7-BA31-7A996D5F34C6}.Release|Any CPU.ActiveCfg = Release|Any CPU
		{1C5C3C17-AD07-49A7-BA31-7A996D5F34C6}.Release|Any CPU.Build.0 = Release|Any CPU
	EndGlobalSection
	GlobalSection(SolutionProperties) = preSolution
		HideSolutionNode = FALSE
	EndGlobalSection
	GlobalSection(ExtensibilityGlobals) = postSolution
		SolutionGuid = {20BF084B-68A5-44E2-9326-53F6FC166606}
	EndGlobalSection
EndGlobal
