
Microsoft Visual Studio Solution File, Format Version 12.00
# Visual Studio Version 17
VisualStudioVersion = 17.14.36429.23 d17.14
MinimumVisualStudioVersion = 10.0.40219.1
Project("{FAE04EC0-301F-11D3-BF4B-00C04F79EFBC}") = "Product", "Product.csproj", "{435C3BF7-9745-4B65-B337-4692894F4611}"
EndProject
Global
	GlobalSection(SolutionConfigurationPlatforms) = preSolution
		Debug|Any CPU = Debug|Any CPU
		Release|Any CPU = Release|Any CPU
	EndGlobalSection
	GlobalSection(ProjectConfigurationPlatforms) = postSolution
		{435C3BF7-9745-4B65-B337-4692894F4611}.Debug|Any CPU.ActiveCfg = Debug|Any CPU
		{435C3BF7-9745-4B65-B337-4692894F4611}.Debug|Any CPU.Build.0 = Debug|Any CPU
		{435C3BF7-9745-4B65-B337-4692894F4611}.Release|Any CPU.ActiveCfg = Release|Any CPU
		{435C3BF7-9745-4B65-B337-4692894F4611}.Release|Any CPU.Build.0 = Release|Any CPU
	EndGlobalSection
	GlobalSection(SolutionProperties) = preSolution
		HideSolutionNode = FALSE
	EndGlobalSection
	GlobalSection(ExtensibilityGlobals) = postSolution
		SolutionGuid = {5C24A727-FEE4-48E6-91B7-BF7E2164287C}
	EndGlobalSection
EndGlobal
