
Microsoft Visual Studio Solution File, Format Version 12.00
# Visual Studio Version 17
VisualStudioVersion = 17.14.36429.23
MinimumVisualStudioVersion = 10.0.40219.1
Project("{FAE04EC0-301F-11D3-BF4B-00C04F79EFBC}") = "AMI_Frontend01", "AMI_Frontend01\AMI_Frontend01.csproj", "{8B50DC9C-CD00-4E04-A6B7-70F8014EF35D}"
EndProject
Global
	GlobalSection(SolutionConfigurationPlatforms) = preSolution
		Debug|Any CPU = Debug|Any CPU
		Release|Any CPU = Release|Any CPU
	EndGlobalSection
	GlobalSection(ProjectConfigurationPlatforms) = postSolution
		{8B50DC9C-CD00-4E04-A6B7-70F8014EF35D}.Debug|Any CPU.ActiveCfg = Debug|Any CPU
		{8B50DC9C-CD00-4E04-A6B7-70F8014EF35D}.Debug|Any CPU.Build.0 = Debug|Any CPU
		{8B50DC9C-CD00-4E04-A6B7-70F8014EF35D}.Release|Any CPU.ActiveCfg = Release|Any CPU
		{8B50DC9C-CD00-4E04-A6B7-70F8014EF35D}.Release|Any CPU.Build.0 = Release|Any CPU
	EndGlobalSection
	GlobalSection(SolutionProperties) = preSolution
		HideSolutionNode = FALSE
	EndGlobalSection
	GlobalSection(ExtensibilityGlobals) = postSolution
		SolutionGuid = {05A7B22C-3C6D-47A0-981C-28A5059B40CE}
	EndGlobalSection
EndGlobal
