
Microsoft Visual Studio Solution File, Format Version 12.00
# Visual Studio Version 17
VisualStudioVersion = 17.14.36429.23
MinimumVisualStudioVersion = 10.0.40219.1
Project("{FAE04EC0-301F-11D3-BF4B-00C04F79EFBC}") = "Balzor_proj1", "Balzor_proj1.csproj", "{CC07A79C-3AFC-4F2F-B1E9-ADF7D35131DD}"
EndProject
Project("{FAE04EC0-301F-11D3-BF4B-00C04F79EFBC}") = "DataAccess", "..\DataAccess\DataAccess.csproj", "{B30A84D4-5D07-437C-BEA8-CF9A48B790FB}"
EndProject
Global
	GlobalSection(SolutionConfigurationPlatforms) = preSolution
		Debug|Any CPU = Debug|Any CPU
		Release|Any CPU = Release|Any CPU
	EndGlobalSection
	GlobalSection(ProjectConfigurationPlatforms) = postSolution
		{CC07A79C-3AFC-4F2F-B1E9-ADF7D35131DD}.Debug|Any CPU.ActiveCfg = Debug|Any CPU
		{CC07A79C-3AFC-4F2F-B1E9-ADF7D35131DD}.Debug|Any CPU.Build.0 = Debug|Any CPU
		{CC07A79C-3AFC-4F2F-B1E9-ADF7D35131DD}.Release|Any CPU.ActiveCfg = Release|Any CPU
		{CC07A79C-3AFC-4F2F-B1E9-ADF7D35131DD}.Release|Any CPU.Build.0 = Release|Any CPU
		{B30A84D4-5D07-437C-BEA8-CF9A48B790FB}.Debug|Any CPU.ActiveCfg = Debug|Any CPU
		{B30A84D4-5D07-437C-BEA8-CF9A48B790FB}.Debug|Any CPU.Build.0 = Debug|Any CPU
		{B30A84D4-5D07-437C-BEA8-CF9A48B790FB}.Release|Any CPU.ActiveCfg = Release|Any CPU
		{B30A84D4-5D07-437C-BEA8-CF9A48B790FB}.Release|Any CPU.Build.0 = Release|Any CPU
	EndGlobalSection
	GlobalSection(SolutionProperties) = preSolution
		HideSolutionNode = FALSE
	EndGlobalSection
	GlobalSection(ExtensibilityGlobals) = postSolution
		SolutionGuid = {363A7BDA-0207-42E1-A709-21776C6630DB}
	EndGlobalSection
EndGlobal
